
Microsoft Visual Studio Solution File, Format Version 12.00
# Visual Studio 2013
VisualStudioVersion = 12.0.21005.1
MinimumVisualStudioVersion = 10.0.40219.1
Project("{FAE04EC0-301F-11D3-BF4B-00C04F79EFBC}") = "1712400_18120279_18120519_BT1", "1712400_BT1\1712400_18120279_18120519_BT1.csproj", "{60F3CA00-11D8-4846-8324-AD9EECCF4D02}"
EndProject
Global
	GlobalSection(SolutionConfigurationPlatforms) = preSolution
		Debug|Any CPU = Debug|Any CPU
		Release|Any CPU = Release|Any CPU
	EndGlobalSection
	GlobalSection(ProjectConfigurationPlatforms) = postSolution
		{60F3CA00-11D8-4846-8324-AD9EECCF4D02}.Debug|Any CPU.ActiveCfg = Debug|Any CPU
		{60F3CA00-11D8-4846-8324-AD9EECCF4D02}.Debug|Any CPU.Build.0 = Debug|Any CPU
		{60F3CA00-11D8-4846-8324-AD9EECCF4D02}.Release|Any CPU.ActiveCfg = Release|Any CPU
		{60F3CA00-11D8-4846-8324-AD9EECCF4D02}.Release|Any CPU.Build.0 = Release|Any CPU
	EndGlobalSection
	GlobalSection(SolutionProperties) = preSolution
		HideSolutionNode = FALSE
	EndGlobalSection
	GlobalSection(ExtensibilityGlobals) = postSolution
		SolutionGuid = {377C1BA8-800E-4471-A526-1D4D492BFFF2}
	EndGlobalSection
EndGlobal
